
Microsoft Visual Studio Solution File, Format Version 12.00
Project("{FAE04EC0-301F-11D3-BF4B-00C04F79EFBC}") = "MainProgram", "MainProgram\MainProgram.csproj", "{4756A732-C4B4-4B6B-99ED-F2FD9A3FE4F5}"
EndProject
Project("{FAE04EC0-301F-11D3-BF4B-00C04F79EFBC}") = "Menu", "Menu\Menu.csproj", "{AE39F175-120A-42DF-A58C-F88A7728D29E}"
EndProject
Project("{FAE04EC0-301F-11D3-BF4B-00C04F79EFBC}") = "Models", "Models\Models.csproj", "{712C1351-4B4C-4E42-B3F6-B8E688D72C98}"
EndProject
Global
	GlobalSection(SolutionConfigurationPlatforms) = preSolution
		Debug|Any CPU = Debug|Any CPU
		Release|Any CPU = Release|Any CPU
	EndGlobalSection
	GlobalSection(ProjectConfigurationPlatforms) = postSolution
		{4756A732-C4B4-4B6B-99ED-F2FD9A3FE4F5}.Debug|Any CPU.ActiveCfg = Debug|Any CPU
		{4756A732-C4B4-4B6B-99ED-F2FD9A3FE4F5}.Debug|Any CPU.Build.0 = Debug|Any CPU
		{4756A732-C4B4-4B6B-99ED-F2FD9A3FE4F5}.Release|Any CPU.ActiveCfg = Release|Any CPU
		{4756A732-C4B4-4B6B-99ED-F2FD9A3FE4F5}.Release|Any CPU.Build.0 = Release|Any CPU
		{AE39F175-120A-42DF-A58C-F88A7728D29E}.Debug|Any CPU.ActiveCfg = Debug|Any CPU
		{AE39F175-120A-42DF-A58C-F88A7728D29E}.Debug|Any CPU.Build.0 = Debug|Any CPU
		{AE39F175-120A-42DF-A58C-F88A7728D29E}.Release|Any CPU.ActiveCfg = Release|Any CPU
		{AE39F175-120A-42DF-A58C-F88A7728D29E}.Release|Any CPU.Build.0 = Release|Any CPU
		{712C1351-4B4C-4E42-B3F6-B8E688D72C98}.Debug|Any CPU.ActiveCfg = Debug|Any CPU
		{712C1351-4B4C-4E42-B3F6-B8E688D72C98}.Debug|Any CPU.Build.0 = Debug|Any CPU
		{712C1351-4B4C-4E42-B3F6-B8E688D72C98}.Release|Any CPU.ActiveCfg = Release|Any CPU
		{712C1351-4B4C-4E42-B3F6-B8E688D72C98}.Release|Any CPU.Build.0 = Release|Any CPU
	EndGlobalSection
EndGlobal
